version = 1
revision = 3
requires-python = ">=3.14"

[[package]]
name = "annotated-types"
version = "0.8.0"
source = { registry = "https://pypi.org/simple" }
sdist = { url = "https://files.pythonhosted.org/packages/5f/56/a8120250d128bed162cd73c76d45f6ef9991f3e068f62a8ee060afa3104a/annotated_types-0.8.0.tar.gz", hash = "sha256:13b2beaad985e05e2d6407ee4c4f35590b11f8d693a258a561055cac8f64cab7", size = 15893, upload-time = "2026-07-23T20:16:13.995Z" }
wheels = [
    { url = "https://files.pythonhosted.org/packages/99/91/8acff4f5e50511b911bbccb72b8628a49c68ce14148cd9f6431094859a90/annotated_types-0.8.0-py3-none-any.whl", hash = "sha256:f072f4d804ea359e4eaf198b1af7a8b0943881a87f31bb764f8bf219bb9419e0", size = 13427, upload-time = "2026-07-23T20:16:12.938Z" },
]

[[package]]
name = "hypothesis"
version = "6.164.0"
source = { registry = "https://pypi.org/simple" }
dependencies = [
    { name = "sortedcontainers" },
]
sdist = { url = "https://files.pythonhosted.org/packages/7a/ac/7b76103bd74d8457e4de0c6a6c3a26ac6327016438bde125e0a3de83a5b8/hypothesis-6.164.0.tar.gz", hash = "sha256:5d63d263d8c71b571638c18d9591f6e34b836c60a12469e9d9105c1c785f00f1", size = 492022, upload-time = "2026-07-30T12:39:49.085Z" }
wheels = [
    { url = "https://files.pythonhosted.org/packages/7c/fe/d5b75a55892b33e72945f82efc71f645d29c0bfdb9f00727f7535a52edcc/hypothesis-6.164.0-cp310-abi3-macosx_10_12_x86_64.whl", hash = "sha256:14b861ac3353f8643b82a3ba76b8a0a54d2a06160c32b9a1f64a8ab41b179089", size = 771561, upload-time = "2026-07-30T12:39:00.404Z" },
    { url = "https://files.pythonhosted.org/packages/1c/b0/2f01e9efc7267446bad0e2a68f7472daa174a72553d213b16aefe44b2bda/hypothesis-6.164.0-cp310-abi3-macosx_11_0_arm64.whl", hash = "sha256:3d8c8bb00a4b86ae90b9ad41f3e1c99d016ec3e64c0ff9d676a4bb7be4f56948", size = 767079, upload-time = "2026-07-30T12:39:23.123Z" },
    { url = "https://files.pythonhosted.org/packages/c3/26/d7bcd26b58e1df2bd39116b924b2a72676215d9650e68cbff9a629c3ce30/hypothesis-6.164.0-cp310-abi3-manylinux_2_17_aarch64.manylinux2014_aarch64.whl", hash = "sha256:e80e3ba8eaf37664eaa0f2625cef120b330b128a7df570210cf8be4f5ae65aaa", size = 1096364, upload-time = "2026-07-30T12:38:49.972Z" },
    { url = "https://files.pythonhosted.org/packages/9d/17/99fe7ea866935da83444c3ef7885a14fc7349d96ff61c6faebd37ef4edf2/hypothesis-6.164.0-cp310-abi3-manylinux_2_17_armv7l.manylinux2014_armv7l.whl", hash = "sha256:8cdf70f821e2d2f3a0bccaab29830aea8aefb63a77806e7e91246fb65a10c8d3", size = 1124963, upload-time = "2026-07-30T12:39:13.1Z" },
    { url = "https://files.pythonhosted.org/packages/38/e8/df08be6296cbc1271d44e81f8ff9dcd6267a07552fb768e0fdc166e93d40/hypothesis-6.164.0-cp310-abi3-manylinux_2_17_x86_64.manylinux2014_x86_64.whl", hash = "sha256:bcc3743e22b3cffa7267b4bc74d03628606e4a115495728e986a7be220987315", size = 1145886, upload-time = "2026-07-30T12:39:45.612Z" },
    { url = "https://files.pythonhosted.org/packages/4e/72/d5cf6fbfac40891d4281f630e16a6eb217ff56f97e350a06e0fd9322aa6a/hypothesis-6.164.0-cp310-abi3-manylinux_2_31_riscv64.whl", hash = "sha256:730f09d4afcd8a918b3d589bfb6421e3b41c057aa57652a773ef4f512cc60836", size = 1101181, upload-time = "2026-07-30T12:39:05.194Z" },
    { url = "https://files.pythonhosted.org/packages/fb/ff/7ceb002329febffb678b65835ca6e9479a916325d088aadb0210d07f8252/hypothesis-6.164.0-cp310-abi3-manylinux_2_5_i686.manylinux1_i686.whl", hash = "sha256:9651cb48cb5a995295b442138d15d381547b935dcb0066fca7148a7955347400", size = 1137970, upload-time = "2026-07-30T12:39:16.076Z" },
    { url = "https://files.pythonhosted.org/packages/7c/8f/c12c697b73ca9ca24d8a913879e3e0a9db86479754c7221554247c701565/hypothesis-6.164.0-cp310-abi3-musllinux_1_2_aarch64.whl", hash = "sha256:51d161d2655dd86143b370c577267b5b7b4c2e8fcb8a3f22c1a787572aad707c", size = 1270184, upload-time = "2026-07-30T12:38:54.436Z" },
    { url = "https://files.pythonhosted.org/packages/0e/2f/93f1c850c794fc9c80f5e61b3b20652126b865e6f57b348ae530446aadc7/hypothesis-6.164.0-cp310-abi3-musllinux_1_2_armv7l.whl", hash = "sha256:e8a250552390128b57e3afe55035ce2c2cb1f6f0919817657854244f071bc5be", size = 1397987, upload-time = "2026-07-30T12:38:21.113Z" },
    { url = "https://files.pythonhosted.org/packages/c5/b8/bab2546325e15e87c8518dfbca263c81dbc35d566c516d66c9da98a38b77/hypothesis-6.164.0-cp310-abi3-musllinux_1_2_riscv64.whl", hash = "sha256:570cd51944e1cc3443847d8afa3d17fcf8aac475a1f744c9e7318a5ad7ef5c9f", size = 1270755, upload-time = "2026-07-30T12:38:51.571Z" },
    { url = "https://files.pythonhosted.org/packages/6a/4e/ea97dd39678a42dc5a24e3e2a64d3b950fad9fb1dcce8d7be5afb52a0335/hypothesis-6.164.0-cp310-abi3-musllinux_1_2_x86_64.whl", hash = "sha256:3a423e543055b3de5af7a7624c4285422541658367211fa293a3a57dd0ad01ba", size = 1312888, upload-time = "2026-07-30T12:38:30.847Z" },
    { url = "https://files.pythonhosted.org/packages/44/84/a6f2d5b12b23d65f16eb398750e430065f9d1f40f4418569e3b87ef58d23/hypothesis-6.164.0-cp310-abi3-win32.whl", hash = "sha256:f5e51490b2ce64c66138f24477d83c71b6224ab0ef65700da10187c464b54e94", size = 657401, upload-time = "2026-07-30T12:39:11.581Z" },
    { url = "https://files.pythonhosted.org/packages/f5/d3/c5ee410daa594cac2d3fe1fbe5473f2390e35f4369e168a817e43341ce2f/hypothesis-6.164.0-cp310-abi3-win_amd64.whl", hash = "sha256:c9059dfbb039342b6590bbce207f90e0f9a80fdf45a404c68c2d3e598be78ab3", size = 663566, upload-time = "2026-07-30T12:39:30.27Z" },
    { url = "https://files.pythonhosted.org/packages/c7/06/3c144d427799c7c72befb0bb3b199d419a89b96e1002fd8f0cc94c84ffb7/hypothesis-6.164.0-cp314-cp314-macosx_10_12_x86_64.whl", hash = "sha256:9110010bdf6deb3ba9134f8ce8b683e8bb0fba108a351045c96d60c410eb6963", size = 773254, upload-time = "2026-07-30T12:38:38.919Z" },
    { url = "https://files.pythonhosted.org/packages/74/2d/b61a10d9e70df04aa7e8f34efef8e4afe364e8995c59f894e1c35b428214/hypothesis-6.164.0-cp314-cp314-macosx_11_0_arm64.whl", hash = "sha256:4df103e5d32b47d574c6e857d45361e2cba5a198d6dae4e4ee1bd248b3a2cbfa", size = 764786, upload-time = "2026-07-30T12:38:24.464Z" },
    { url = "https://files.pythonhosted.org/packages/99/68/7f80ac7bdffe78686135311c919534be411d4565c2a5ba38fd389880c553/hypothesis-6.164.0-cp314-cp314-manylinux_2_17_aarch64.manylinux2014_aarch64.whl", hash = "sha256:4abec95020960c0ed08e5be318d2bcdde79f2c6fc7785e368a9389d31d3e802a", size = 1095578, upload-time = "2026-07-30T12:38:57.422Z" },
    { url = "https://files.pythonhosted.org/packages/45/f9/97dcbac776bcf33cb4241b52111527821f707b60a84d03d0ea670b09a134/hypothesis-6.164.0-cp314-cp314-manylinux_2_17_x86_64.manylinux2014_x86_64.whl", hash = "sha256:9b106756cc9abd50ab1632541ea7b7223792d877a084726aa0304237d758181e", size = 1145207, upload-time = "2026-07-30T12:38:23.387Z" },
    { url = "https://files.pythonhosted.org/packages/a4/df/68184b6f71540435c895cf35ad1d67a3634a887c597ab38d3372c0d20186/hypothesis-6.164.0-cp314-cp314-musllinux_1_2_aarch64.whl", hash = "sha256:11c4aab2ae6757fc4bc3bbf009487e24fd3490365817bbf40b9ec85a7e02fabb", size = 1268357, upload-time = "2026-07-30T12:38:52.946Z" },
    { url = "https://files.pythonhosted.org/packages/a0/76/6a6851dc8af89a5c0418937d38456417b2a1fc9db15c992b9cb43d53a7a3/hypothesis-6.164.0-cp314-cp314-musllinux_1_2_x86_64.whl", hash = "sha256:4713edecbc0969557ca135769a36d1e524c8e3b7a2b271de48d98fa29f681bf6", size = 1312183, upload-time = "2026-07-30T12:39:28.604Z" },
    { url = "https://files.pythonhosted.org/packages/2f/19/83adeb1f8f045bd8a1ab9822d0c3db28b337d37fff01d809fcd6e3ea70f8/hypothesis-6.164.0-cp314-cp314-pyemscripten_2026_0_wasm32.whl", hash = "sha256:e6882d316c390d33c55ec8f1675f35ab238d7c0473ccf8d235c69eaef6c621b9", size = 604771, upload-time = "2026-07-30T12:39:33.579Z" },
    { url = "https://files.pythonhosted.org/packages/0b/62/fcb48ebfbccdc5b695de175b9d1d344b3688782150f0603124bb70c0891b/hypothesis-6.164.0-cp314-cp314-win_amd64.whl", hash = "sha256:7c3357633b38bca8c927fd90d02b39a0a3f35f24cdbcfb2fb1dcf69a3f63bd85", size = 660570, upload-time = "2026-07-30T12:39:43.898Z" },
    { url = "https://files.pythonhosted.org/packages/42/61/5857da7db0435fa69df658a9eafba62eb8a1319454005ce2a0d97f6f9e4d/hypothesis-6.164.0-cp314-cp314t-macosx_10_12_x86_64.whl", hash = "sha256:53152cb549f52d661c47768d0d12a192ef26a7a9758a7f13b8ec41e8e63d6325", size = 771839, upload-time = "2026-07-30T12:38:26.842Z" },
    { url = "https://files.pythonhosted.org/packages/6c/9c/22292a9dab1c544362d1759244132c7d71a9d9d5eda5d454ec735fba6bd3/hypothesis-6.164.0-cp314-cp314t-macosx_11_0_arm64.whl", hash = "sha256:cee7898ad84b63da6506ae48483bb36f319a25ea4c2b1d2df47d021cc4080c24", size = 763363, upload-time = "2026-07-30T12:38:20.042Z" },
    { url = "https://files.pythonhosted.org/packages/e8/29/cc0c6e9a065a32f93fe52dde746232f007d2cabf619d4e7b1b37bd34c424/hypothesis-6.164.0-cp314-cp314t-manylinux_2_17_aarch64.manylinux2014_aarch64.whl", hash = "sha256:0def33f0d236e54144a5218997e4492925144d4615f25fdbb4ac8e47b7b709e6", size = 1094171, upload-time = "2026-07-30T12:39:35.158Z" },
    { url = "https://files.pythonhosted.org/packages/a7/59/37040d0776a29d4bc6d0ca9a50ca2755200007e4a8ddc27b010115b69c85/hypothesis-6.164.0-cp314-cp314t-manylinux_2_17_x86_64.manylinux2014_x86_64.whl", hash = "sha256:471fd80d70f2df606b1320276168bc2c6007a586124a1d81628264ccb9266f68", size = 1144089, upload-time = "2026-07-30T12:38:43.024Z" },
    { url = "https://files.pythonhosted.org/packages/fa/10/5235ed3c090a2f12fa15cc1d08e5a36cfa31bc0607c45199b0806e930ab4/hypothesis-6.164.0-cp314-cp314t-musllinux_1_2_aarch64.whl", hash = "sha256:2eb285756aee62890fd08d6e97cf77651dfe7c093ceac094df52120a7a8dbe68", size = 1266595, upload-time = "2026-07-30T12:39:36.979Z" },
    { url = "https://files.pythonhosted.org/packages/7f/97/ffc4cee4dfdffe658e839d5f4df72ae3fa7bfea9401550b475d9700e0ee2/hypothesis-6.164.0-cp314-cp314t-musllinux_1_2_x86_64.whl", hash = "sha256:7c5215b5568968c35c6e124e5a4a8068f80419d6171414ddf735b49e1df1ab59", size = 1310998, upload-time = "2026-07-30T12:38:45.788Z" },
    { url = "https://files.pythonhosted.org/packages/dd/08/681d4a272cd2812151581c3328e41a80a34e420d676e419a25b4b9dc2291/hypothesis-6.164.0-cp314-cp314t-win_amd64.whl", hash = "sha256:a845e59fae87bb47a6fb84e0d5adb5679b3b55042fc3f8791da91486103cfbf0", size = 660724, upload-time = "2026-07-30T12:38:40.341Z" },
]

[[package]]
name = "pydantic"
version = "2.13.4"
source = { registry = "https://pypi.org/simple" }
dependencies = [
    { name = "annotated-types" },
    { name = "pydantic-core" },
    { name = "typing-extensions" },
    { name = "typing-inspection" },
]
sdist = { url = "https://files.pythonhosted.org/packages/18/a5/b60d21ac674192f8ab0ba4e9fd860690f9b4a6e51ca5df118733b487d8d6/pydantic-2.13.4.tar.gz", hash = "sha256:c40756b57adaa8b1efeeced5c196f3f3b7c435f90e84ea7f443901bec8099ef6", size = 844775, upload-time = "2026-05-06T13:43:05.343Z" }
wheels = [
    { url = "https://files.pythonhosted.org/packages/fd/7b/122376b1fd3c62c1ed9dc80c931ace4844b3c55407b6fb2d199377c9736f/pydantic-2.13.4-py3-none-any.whl", hash = "sha256:45a282cde31d808236fd7ea9d919b128653c8b38b393d1c4ab335c62924d9aba", size = 472262, upload-time = "2026-05-06T13:43:02.641Z" },
]

[[package]]
name = "pydantic-core"
version = "2.46.4"
source = { registry = "https://pypi.org/simple" }
dependencies = [
    { name = "typing-extensions" },
]
sdist = { url = "https://files.pythonhosted.org/packages/9d/56/921726b776ace8d8f5db44c4ef961006580d91dc52b803c489fafd1aa249/pydantic_core-2.46.4.tar.gz", hash = "sha256:62f875393d7f270851f20523dd2e29f082bcc82292d66db2b64ea71f64b6e1c1", size = 471464, upload-time = "2026-05-06T13:37:06.98Z" }
wheels = [
    { url = "https://files.pythonhosted.org/packages/8d/74/228a26ddad29c6672b805d9fd78e8d251cd04004fa7eed0e622096cd0250/pydantic_core-2.46.4-cp314-cp314-macosx_10_12_x86_64.whl", hash = "sha256:428e04521a40150c85216fc8b85e8d39fece235a9cf5e383761238c7fa9b96fb", size = 2102079, upload-time = "2026-05-06T13:38:41.019Z" },
    { url = "https://files.pythonhosted.org/packages/ad/1f/8970b150a4b4365623ae00fc88603491f763c627311ae8031e3111356d6e/pydantic_core-2.46.4-cp314-cp314-macosx_11_0_arm64.whl", hash = "sha256:23ace664830ee0bfe014a0c7bc248b1f7f25ed7ad103852c317624a1083af462", size = 1952179, upload-time = "2026-05-06T13:36:59.812Z" },
    { url = "https://files.pythonhosted.org/packages/95/30/5211a831ae054928054b2f79731661087a2bc5c01e825c672b3a4a8f1b3e/pydantic_core-2.46.4-cp314-cp314-manylinux_2_17_aarch64.manylinux2014_aarch64.whl", hash = "sha256:ce5c1d2a8b27468f433ca974829c44060b8097eedc39933e3c206a90ee49c4a9", size = 1978926, upload-time = "2026-05-06T13:37:39.933Z" },
    { url = "https://files.pythonhosted.org/packages/57/e9/689668733b1eb67adeef047db3c2e8788fcf65a7fd9c9e2b46b7744fe245/pydantic_core-2.46.4-cp314-cp314-manylinux_2_17_armv7l.manylinux2014_armv7l.whl", hash = "sha256:7283d57845ecf5a163403eb0702dfc220cc4fbdd18919cb5ccea4f95ee1cdab4", size = 2046785, upload-time = "2026-05-06T13:38:01.995Z" },
    { url = "https://files.pythonhosted.org/packages/60/d9/6715260422ff50a2109878fd24d948a6c3446bb2664f34ee78cd972b3acd/pydantic_core-2.46.4-cp314-cp314-manylinux_2_17_ppc64le.manylinux2014_ppc64le.whl", hash = "sha256:8daafc69c93ee8a0204506a3b6b30f586ef54028f52aeeeb5c4cfc5184fd5914", size = 2228733, upload-time = "2026-05-06T13:40:50.371Z" },
    { url = "https://files.pythonhosted.org/packages/18/ae/fdb2f64316afca925640f8e70bb1a564b0ec2721c1389e25b8eb4bf9a299/pydantic_core-2.46.4-cp314-cp314-manylinux_2_17_s390x.manylinux2014_s390x.whl", hash = "sha256:cd2213145bcc2ba85884d0ac63d222fece9209678f77b9b4d76f054c561adb28", size = 2307534, upload-time = "2026-05-06T13:37:21.531Z" },
    { url = "https://files.pythonhosted.org/packages/89/1d/8eff589b45bb8190a9d12c49cfad0f176a5cbd1534908a6b5125e2886239/pydantic_core-2.46.4-cp314-cp314-manylinux_2_17_x86_64.manylinux2014_x86_64.whl", hash = "sha256:7a5f930472650a82629163023e630d160863fce524c616f4e5186e5de9d9a49b", size = 2099732, upload-time = "2026-05-06T13:39:31.942Z" },
    { url = "https://files.pythonhosted.org/packages/06/d5/ee5a3366637fee41dee51a1fc91562dcf12ddbc68fda34e6b253da2324bb/pydantic_core-2.46.4-cp314-cp314-manylinux_2_31_riscv64.whl", hash = "sha256:c1b3f518abeca3aa13c712fd202306e145abf59a18b094a6bafb2d2bbf59192c", size = 2129627, upload-time = "2026-05-06T13:37:25.033Z" },
    { url = "https://files.pythonhosted.org/packages/94/33/2414be571d2c6a6c4d08be21f9292b6d3fdb08949a97b6dfe985017821db/pydantic_core-2.46.4-cp314-cp314-manylinux_2_5_i686.manylinux1_i686.whl", hash = "sha256:1a7dd0b3ee80d90150e3495a3a13ac34dbcbfd4f012996a6a1d8900e91b5c0fb", size = 2179141, upload-time = "2026-05-06T13:37:14.046Z" },
    { url = "https://files.pythonhosted.org/packages/7b/79/7daa95be995be0eecc4cf75064cb33f9bbbfe3fe0158caf2f0d4a996a5c7/pydantic_core-2.46.4-cp314-cp314-musllinux_1_1_aarch64.whl", hash = "sha256:3fb702cd90b0446a3a1c5e470bfa0dd23c0233b676a9099ddcc964fa6ca13898", size = 2184325, upload-time = "2026-05-06T13:36:53.615Z" },
    { url = "https://files.pythonhosted.org/packages/9f/cb/d0a382f5c0de8a222dc61c65348e0ce831b1f68e0a018450d31c2cace3a5/pydantic_core-2.46.4-cp314-cp314-musllinux_1_1_armv7l.whl", hash = "sha256:b8458003118a712e66286df6a707db01c52c0f52f7db8e4a38f0da1d3b94fc4e", size = 2323990, upload-time = "2026-05-06T13:40:29.971Z" },
    { url = "https://files.pythonhosted.org/packages/05/db/d9ba624cc4a5aced1598e88c04fdbd8310c8a69b9d38b9a3d39ce3a61ed7/pydantic_core-2.46.4-cp314-cp314-musllinux_1_1_x86_64.whl", hash = "sha256:372429a130e469c9cd698925ce5fc50940b7a1336b0d82038e63d5bbc4edc519", size = 2369978, upload-time = "2026-05-06T13:37:23.027Z" },
    { url = "https://files.pythonhosted.org/packages/f2/20/d15df15ba918c423461905802bfd2981c3af0bfa0e40d05e13edbfa48bc3/pydantic_core-2.46.4-cp314-cp314-win32.whl", hash = "sha256:85bb3611ff1802f3ee7fdd7dbff26b56f343fb432d57a4728fdd49b6ef35e2f4", size = 1966354, upload-time = "2026-05-06T13:38:03.499Z" },
    { url = "https://files.pythonhosted.org/packages/fc/b6/6b8de4c0a7d7ab3004c439c80c5c1e0a3e8d78bbae19379b01960383d9e5/pydantic_core-2.46.4-cp314-cp314-win_amd64.whl", hash = "sha256:811ff8e9c313ab425368bcbb36e5c4ebd7108c2bbf4e4089cfbb0b01eff63fac", size = 2072238, upload-time = "2026-05-06T13:39:40.807Z" },
    { url = "https://files.pythonhosted.org/packages/32/36/51eb763beec1f4cf59b1db243a7dcc39cbb41230f050a09b9d69faaf0a48/pydantic_core-2.46.4-cp314-cp314-win_arm64.whl", hash = "sha256:bfec22eab3c8cc2ceec0248aec886624116dc079afa027ecc8ad4a7e62010f8a", size = 2018251, upload-time = "2026-05-06T13:37:26.72Z" },
    { url = "https://files.pythonhosted.org/packages/e8/91/855af51d625b23aa987116a19e231d2aaef9c4a415273ddc189b79a45fee/pydantic_core-2.46.4-cp314-cp314t-macosx_10_12_x86_64.whl", hash = "sha256:af8244b2bef6aaad6d92cda81372de7f8c8d36c9f0c3ea36e827c60e7d9467a0", size = 2099593, upload-time = "2026-05-06T13:39:47.682Z" },
    { url = "https://files.pythonhosted.org/packages/fb/1b/8784a54c65edb5f49f0a14d6977cf1b209bba85a4c77445b255c2de58ab3/pydantic_core-2.46.4-cp314-cp314t-macosx_11_0_arm64.whl", hash = "sha256:5a4330cdbc57162e4b3aa303f588ba752257694c9c9be3e7ebb11b4aca659b5d", size = 1935226, upload-time = "2026-05-06T13:40:40.428Z" },
    { url = "https://files.pythonhosted.org/packages/e8/e7/1955d28d1afc56dd4b3ad7cc0cf39df1b9852964cf16e5d13912756d6d6b/pydantic_core-2.46.4-cp314-cp314t-manylinux_2_17_aarch64.manylinux2014_aarch64.whl", hash = "sha256:29c61fc04a3d840155ff08e475a04809278972fe6aef51e2720554e96367e34b", size = 1974605, upload-time = "2026-05-06T13:37:32.029Z" },
    { url = "https://files.pythonhosted.org/packages/93/e2/3fedbf0ba7a22850e6e9fd78117f1c0f10f950182344d8a6c535d468fdd8/pydantic_core-2.46.4-cp314-cp314t-manylinux_2_17_armv7l.manylinux2014_armv7l.whl", hash = "sha256:c50f2528cf200c5eed56faf3f4e22fcd5f38c157a8b78576e6ba3168ec35f000", size = 2030777, upload-time = "2026-05-06T13:38:55.239Z" },
    { url = "https://files.pythonhosted.org/packages/f8/61/46be275fcaaba0b4f5b9669dd852267ce1ff616592dccf7a7845588df091/pydantic_core-2.46.4-cp314-cp314t-manylinux_2_17_ppc64le.manylinux2014_ppc64le.whl", hash = "sha256:0cbe8b01f948de4286c74cdd6c667aceb38f5c1e26f0693b3983d9d74887c65e", size = 2236641, upload-time = "2026-05-06T13:37:08.096Z" },
    { url = "https://files.pythonhosted.org/packages/60/db/12e93e46a8bac9988be3c016860f83293daea8c716c029c9ace279036f2f/pydantic_core-2.46.4-cp314-cp314t-manylinux_2_17_s390x.manylinux2014_s390x.whl", hash = "sha256:617d7e2ca7dcb8c5cf6bcb8c59b8832c94b36196bbf1cbd1bfb56ed341905edd", size = 2286404, upload-time = "2026-05-06T13:40:20.221Z" },
    { url = "https://files.pythonhosted.org/packages/e2/4a/4d8b19008f38d31c53b8219cfedc2e3d5de5fe99d90076b7e767de29274f/pydantic_core-2.46.4-cp314-cp314t-manylinux_2_17_x86_64.manylinux2014_x86_64.whl", hash = "sha256:7027560ee92211647d0d34e3f7cd6f50da56399d26a9c8ad0da286d3869a53f3", size = 2109219, upload-time = "2026-05-06T13:38:12.153Z" },
    { url = "https://files.pythonhosted.org/packages/88/70/3cbc40978fefb7bb09c6708d40d4ad1a5d70fd7213c3d17f971de868ec1f/pydantic_core-2.46.4-cp314-cp314t-manylinux_2_31_riscv64.whl", hash = "sha256:f99626688942fb746e545232e7726926f3be91b5975f8b55327665fafda991c7", size = 2110594, upload-time = "2026-05-06T13:40:02.971Z" },
    { url = "https://files.pythonhosted.org/packages/9d/20/b8d36736216e29491125531685b2f9e61aa5b4b2599893f8268551da3338/pydantic_core-2.46.4-cp314-cp314t-manylinux_2_5_i686.manylinux1_i686.whl", hash = "sha256:fc3e9034a63de20e15e8ade85358bc6efc614008cab72898b4b4952bea0509ff", size = 2159542, upload-time = "2026-05-06T13:39:27.506Z" },
    { url = "https://files.pythonhosted.org/packages/1d/a2/367df868eb584dacf6bf82a389272406d7178e301c4ac82545ab98bc2dd9/pydantic_core-2.46.4-cp314-cp314t-musllinux_1_1_aarch64.whl", hash = "sha256:97e7cf2be5c77b7d1a9713a05605d49460d02c6078d38d8bef3cbe323c548424", size = 2168146, upload-time = "2026-05-06T13:38:31.93Z" },
    { url = "https://files.pythonhosted.org/packages/c1/b8/4460f77f7e201893f649a29ab355dddd3beee8a97bcb1a320db414f9a06e/pydantic_core-2.46.4-cp314-cp314t-musllinux_1_1_armv7l.whl", hash = "sha256:3bf92c5d0e00fefaab325a4d27828fe6b6e2a21848686b5b60d2d9eeb09d76c6", size = 2306309, upload-time = "2026-05-06T13:37:44.717Z" },
    { url = "https://files.pythonhosted.org/packages/64/c4/be2639293acd87dc8ddbcec41a73cee9b2ebf996fe6d892a1a74e88ad3f7/pydantic_core-2.46.4-cp314-cp314t-musllinux_1_1_x86_64.whl", hash = "sha256:3ecbc122d18468d06ca279dc26a8c2e2d5acb10943bb35e36ae92096dc3b5565", size = 2369736, upload-time = "2026-05-06T13:37:05.645Z" },
    { url = "https://files.pythonhosted.org/packages/30/a6/9f9f380dbb301f67023bf8f707aaa75daadf84f7152d95c410fd7e81d994/pydantic_core-2.46.4-cp314-cp314t-win32.whl", hash = "sha256:e846ae7835bf0703ae43f534ab79a867146dadd59dc9ca5c8b53d5c8f7c9ef02", size = 1955575, upload-time = "2026-05-06T13:38:51.116Z" },
    { url = "https://files.pythonhosted.org/packages/40/1f/f1eb9eb350e795d1af8586289746f5c5677d16043040d63710e22abc43c9/pydantic_core-2.46.4-cp314-cp314t-win_amd64.whl", hash = "sha256:2108ba5c1c1eca18030634489dc544844144ee36357f2f9f780b93e7ddbb44b5", size = 2051624, upload-time = "2026-05-06T13:38:21.672Z" },
    { url = "https://files.pythonhosted.org/packages/f6/d2/42dd53d0a85c27606f316d3aa5d2869c4e8470a5ed6dec30e4a1abe19192/pydantic_core-2.46.4-cp314-cp314t-win_arm64.whl", hash = "sha256:4fcbe087dbc2068af7eda3aa87634eba216dbda64d1ae73c8684b621d33f6596", size = 2017325, upload-time = "2026-05-06T13:40:52.723Z" },
]

[[package]]
name = "scheduler"
version = "0.1.0"
source = { virtual = "." }
dependencies = [
    { name = "hypothesis" },
    { name = "pydantic" },
]

[package.metadata]
requires-dist = [
    { name = "hypothesis", specifier = ">=6.164.0" },
    { name = "pydantic", specifier = ">=2.13.4" },
]

[[package]]
name = "sortedcontainers"
version = "2.4.0"
source = { registry = "https://pypi.org/simple" }
sdist = { url = "https://files.pythonhosted.org/packages/e8/c4/ba2f8066cceb6f23394729afe52f3bf7adec04bf9ed2c820b39e19299111/sortedcontainers-2.4.0.tar.gz", hash = "sha256:25caa5a06cc30b6b83d11423433f65d1f9d76c4c6a0c90e3379eaa43b9bfdb88", size = 30594, upload-time = "2021-05-16T22:03:42.897Z" }
wheels = [
    { url = "https://files.pythonhosted.org/packages/32/46/9cb0e58b2deb7f82b84065f37f3bffeb12413f947f9388e4cac22c4621ce/sortedcontainers-2.4.0-py2.py3-none-any.whl", hash = "sha256:a163dcaede0f1c021485e957a39245190e74249897e2ae4b2aa38595db237ee0", size = 29575, upload-time = "2021-05-16T22:03:41.177Z" },
]

[[package]]
name = "typing-extensions"
version = "4.16.0"
source = { registry = "https://pypi.org/simple" }
sdist = { url = "https://files.pythonhosted.org/packages/f6/cc/6253133b5bb138fc3306cebfbda2c520f545d36b5be2c7255cc528bb45d6/typing_extensions-4.16.0.tar.gz", hash = "sha256:dc983d19a509c94dba722ee6abd33940f7c05a89e243c47e907eb4db6f1a43e5", size = 113555, upload-time = "2026-07-02T08:40:05.92Z" }
wheels = [
    { url = "https://files.pythonhosted.org/packages/49/d3/b8441a820a491ddfc024b0b0cf0393375b75ea13866d9c66727e54c2fc80/typing_extensions-4.16.0-py3-none-any.whl", hash = "sha256:481caa481374e813c1b176ada14e97f1f67a4539ce9cfeb3f350d78d6370c2e8", size = 45571, upload-time = "2026-07-02T08:40:04.659Z" },
]

[[package]]
name = "typing-inspection"
version = "0.4.2"
source = { registry = "https://pypi.org/simple" }
dependencies = [
    { name = "typing-extensions" },
]
sdist = { url = "https://files.pythonhosted.org/packages/55/e3/70399cb7dd41c10ac53367ae42139cf4b1ca5f36bb3dc6c9d33acdb43655/typing_inspection-0.4.2.tar.gz", hash = "sha256:ba561c48a67c5958007083d386c3295464928b01faa735ab8547c5692e87f464", size = 75949, upload-time = "2025-10-01T02:14:41.687Z" }
wheels = [
    { url = "https://files.pythonhosted.org/packages/dc/9b/47798a6c91d8bdb567fe2698fe81e0c6b7cb7ef4d13da4114b41d239f65d/typing_inspection-0.4.2-py3-none-any.whl", hash = "sha256:4ed1cacbdc298c220f1bd249ed5287caa16f34d44ef4e9c3d0cbad5b521545e7", size = 14611, upload-time = "2025-10-01T02:14:40.154Z" },
]
